// !$*UTF8*$!
{
	archiveVersion = 1;
	classes = {
	};
	objectVersion = 50;
	objects = {

/* Begin PBXBuildFile section */
		F0ED3FB025402FCE004D4E84 /* AppDelegate.swift in Sources */ = {isa = PBXBuildFile; fileRef = F0ED3FAF25402FCE004D4E84 /* AppDelegate.swift */; };
		F0ED3FB225402FCE004D4E84 /* SceneDelegate.swift in Sources */ = {isa = PBXBuildFile; fileRef = F0ED3FB125402FCE004D4E84 /* SceneDelegate.swift */; };
		F0ED3FB925402FD0004D4E84 /* Assets.xcassets in Resources */ = {isa = PBXBuildFile; fileRef = F0ED3FB825402FD0004D4E84 /* Assets.xcassets */; };
		F0ED3FBC25402FD0004D4E84 /* LaunchScreen.storyboard in Resources */ = {isa = PBXBuildFile; fileRef = F0ED3FBA25402FD0004D4E84 /* LaunchScreen.storyboard */; };
		F0ED3FC725402FD0004D4E84 /* Prueba_tecnica_MO2OTests.swift in Sources */ = {isa = PBXBuildFile; fileRef = F0ED3FC625402FD0004D4E84 /* Prueba_tecnica_MO2OTests.swift */; };
		F0ED3FD225402FD0004D4E84 /* Prueba_tecnica_MO2OUITests.swift in Sources */ = {isa = PBXBuildFile; fileRef = F0ED3FD125402FD0004D4E84 /* Prueba_tecnica_MO2OUITests.swift */; };
		F0ED3FEB254032CA004D4E84 /* Coordinator.swift in Sources */ = {isa = PBXBuildFile; fileRef = F0ED3FEA254032CA004D4E84 /* Coordinator.swift */; };
		F0ED3FF0254032EA004D4E84 /* MainCoordinator.swift in Sources */ = {isa = PBXBuildFile; fileRef = F0ED3FEF254032EA004D4E84 /* MainCoordinator.swift */; };
		F0ED3FF52540336D004D4E84 /* Builder.swift in Sources */ = {isa = PBXBuildFile; fileRef = F0ED3FF42540336D004D4E84 /* Builder.swift */; };
		F0ED3FFD25403396004D4E84 /* BeerSearchBuilder.swift in Sources */ = {isa = PBXBuildFile; fileRef = F0ED3FFC25403396004D4E84 /* BeerSearchBuilder.swift */; };
		F0ED4005254033AE004D4E84 /* BeerSearchViewController.swift in Sources */ = {isa = PBXBuildFile; fileRef = F0ED4004254033AE004D4E84 /* BeerSearchViewController.swift */; };
		F0ED401325403869004D4E84 /* Beer.swift in Sources */ = {isa = PBXBuildFile; fileRef = F0ED401225403869004D4E84 /* Beer.swift */; };
		F0ED401B25403B17004D4E84 /* BeerTableViewCell.swift in Sources */ = {isa = PBXBuildFile; fileRef = F0ED401A25403B17004D4E84 /* BeerTableViewCell.swift */; };
		F0ED402125403C78004D4E84 /* UIView+fill.swift in Sources */ = {isa = PBXBuildFile; fileRef = F0ED402025403C78004D4E84 /* UIView+fill.swift */; };
		F0ED40272540433F004D4E84 /* BeerSearchViewProtocol.swift in Sources */ = {isa = PBXBuildFile; fileRef = F0ED40262540433F004D4E84 /* BeerSearchViewProtocol.swift */; };
		F0ED402C25404368004D4E84 /* BeerSearchPresenter.swift in Sources */ = {isa = PBXBuildFile; fileRef = F0ED402B25404368004D4E84 /* BeerSearchPresenter.swift */; };
		F0ED403125404375004D4E84 /* BeerSearchPresenterProtocol.swift in Sources */ = {isa = PBXBuildFile; fileRef = F0ED403025404375004D4E84 /* BeerSearchPresenterProtocol.swift */; };
		F0ED403B25404474004D4E84 /* BeerSearchInteractor.swift in Sources */ = {isa = PBXBuildFile; fileRef = F0ED403A25404474004D4E84 /* BeerSearchInteractor.swift */; };
		F0ED40402540448C004D4E84 /* BeerSearchInteractorProtocol.swift in Sources */ = {isa = PBXBuildFile; fileRef = F0ED403F2540448C004D4E84 /* BeerSearchInteractorProtocol.swift */; };
		F0ED4046254044BC004D4E84 /* BeerSearchDataManager.swift in Sources */ = {isa = PBXBuildFile; fileRef = F0ED4045254044BC004D4E84 /* BeerSearchDataManager.swift */; };
		F0ED404B254044C8004D4E84 /* BeerSearchDataManagerProtocol.swift in Sources */ = {isa = PBXBuildFile; fileRef = F0ED404A254044C8004D4E84 /* BeerSearchDataManagerProtocol.swift */; };
		F0ED405125404B3F004D4E84 /* BeerSearchRequestModel.swift in Sources */ = {isa = PBXBuildFile; fileRef = F0ED405025404B3F004D4E84 /* BeerSearchRequestModel.swift */; };
		F0ED405C2540545C004D4E84 /* BeerSearchViewModel.swift in Sources */ = {isa = PBXBuildFile; fileRef = F0ED405B2540545C004D4E84 /* BeerSearchViewModel.swift */; };
		F0ED406125405AE5004D4E84 /* BeerSearchCell.swift in Sources */ = {isa = PBXBuildFile; fileRef = F0ED406025405AE5004D4E84 /* BeerSearchCell.swift */; };
/* End PBXBuildFile section */

/* Begin PBXContainerItemProxy section */
		F0ED3FC325402FD0004D4E84 /* PBXContainerItemProxy */ = {
			isa = PBXContainerItemProxy;
			containerPortal = F0ED3FA425402FCD004D4E84 /* Project object */;
			proxyType = 1;
			remoteGlobalIDString = F0ED3FAB25402FCD004D4E84;
			remoteInfo = "Prueba tecnica MO2O";
		};
		F0ED3FCE25402FD0004D4E84 /* PBXContainerItemProxy */ = {
			isa = PBXContainerItemProxy;
			containerPortal = F0ED3FA425402FCD004D4E84 /* Project object */;
			proxyType = 1;
			remoteGlobalIDString = F0ED3FAB25402FCD004D4E84;
			remoteInfo = "Prueba tecnica MO2O";
		};
/* End PBXContainerItemProxy section */

/* Begin PBXFileReference section */
		F0ED3FAC25402FCD004D4E84 /* Prueba tecnica MO2O.app */ = {isa = PBXFileReference; explicitFileType = wrapper.application; includeInIndex = 0; path = "Prueba tecnica MO2O.app"; sourceTree = BUILT_PRODUCTS_DIR; };
		F0ED3FAF25402FCE004D4E84 /* AppDelegate.swift */ = {isa = PBXFileReference; lastKnownFileType = sourcecode.swift; path = AppDelegate.swift; sourceTree = "<group>"; };
		F0ED3FB125402FCE004D4E84 /* SceneDelegate.swift */ = {isa = PBXFileReference; lastKnownFileType = sourcecode.swift; path = SceneDelegate.swift; sourceTree = "<group>"; };
		F0ED3FB825402FD0004D4E84 /* Assets.xcassets */ = {isa = PBXFileReference; lastKnownFileType = folder.assetcatalog; path = Assets.xcassets; sourceTree = "<group>"; };
		F0ED3FBB25402FD0004D4E84 /* Base */ = {isa = PBXFileReference; lastKnownFileType = file.storyboard; name = Base; path = Base.lproj/LaunchScreen.storyboard; sourceTree = "<group>"; };
		F0ED3FBD25402FD0004D4E84 /* Info.plist */ = {isa = PBXFileReference; lastKnownFileType = text.plist.xml; path = Info.plist; sourceTree = "<group>"; };
		F0ED3FC225402FD0004D4E84 /* Prueba tecnica MO2OTests.xctest */ = {isa = PBXFileReference; explicitFileType = wrapper.cfbundle; includeInIndex = 0; path = "Prueba tecnica MO2OTests.xctest"; sourceTree = BUILT_PRODUCTS_DIR; };
		F0ED3FC625402FD0004D4E84 /* Prueba_tecnica_MO2OTests.swift */ = {isa = PBXFileReference; lastKnownFileType = sourcecode.swift; path = Prueba_tecnica_MO2OTests.swift; sourceTree = "<group>"; };
		F0ED3FC825402FD0004D4E84 /* Info.plist */ = {isa = PBXFileReference; lastKnownFileType = text.plist.xml; path = Info.plist; sourceTree = "<group>"; };
		F0ED3FCD25402FD0004D4E84 /* Prueba tecnica MO2OUITests.xctest */ = {isa = PBXFileReference; explicitFileType = wrapper.cfbundle; includeInIndex = 0; path = "Prueba tecnica MO2OUITests.xctest"; sourceTree = BUILT_PRODUCTS_DIR; };
		F0ED3FD125402FD0004D4E84 /* Prueba_tecnica_MO2OUITests.swift */ = {isa = PBXFileReference; lastKnownFileType = sourcecode.swift; path = Prueba_tecnica_MO2OUITests.swift; sourceTree = "<group>"; };
		F0ED3FD325402FD0004D4E84 /* Info.plist */ = {isa = PBXFileReference; lastKnownFileType = text.plist.xml; path = Info.plist; sourceTree = "<group>"; };
		F0ED3FEA254032CA004D4E84 /* Coordinator.swift */ = {isa = PBXFileReference; lastKnownFileType = sourcecode.swift; path = Coordinator.swift; sourceTree = "<group>"; };
		F0ED3FEF254032EA004D4E84 /* MainCoordinator.swift */ = {isa = PBXFileReference; lastKnownFileType = sourcecode.swift; path = MainCoordinator.swift; sourceTree = "<group>"; };
		F0ED3FF42540336D004D4E84 /* Builder.swift */ = {isa = PBXFileReference; lastKnownFileType = sourcecode.swift; path = Builder.swift; sourceTree = "<group>"; };
		F0ED3FFC25403396004D4E84 /* BeerSearchBuilder.swift */ = {isa = PBXFileReference; lastKnownFileType = sourcecode.swift; path = BeerSearchBuilder.swift; sourceTree = "<group>"; };
		F0ED4004254033AE004D4E84 /* BeerSearchViewController.swift */ = {isa = PBXFileReference; lastKnownFileType = sourcecode.swift; path = BeerSearchViewController.swift; sourceTree = "<group>"; };
		F0ED401225403869004D4E84 /* Beer.swift */ = {isa = PBXFileReference; lastKnownFileType = sourcecode.swift; path = Beer.swift; sourceTree = "<group>"; };
		F0ED401A25403B17004D4E84 /* BeerTableViewCell.swift */ = {isa = PBXFileReference; lastKnownFileType = sourcecode.swift; path = BeerTableViewCell.swift; sourceTree = "<group>"; };
		F0ED402025403C78004D4E84 /* UIView+fill.swift */ = {isa = PBXFileReference; lastKnownFileType = sourcecode.swift; path = "UIView+fill.swift"; sourceTree = "<group>"; };
		F0ED40262540433F004D4E84 /* BeerSearchViewProtocol.swift */ = {isa = PBXFileReference; lastKnownFileType = sourcecode.swift; path = BeerSearchViewProtocol.swift; sourceTree = "<group>"; };
		F0ED402B25404368004D4E84 /* BeerSearchPresenter.swift */ = {isa = PBXFileReference; lastKnownFileType = sourcecode.swift; path = BeerSearchPresenter.swift; sourceTree = "<group>"; };
		F0ED403025404375004D4E84 /* BeerSearchPresenterProtocol.swift */ = {isa = PBXFileReference; lastKnownFileType = sourcecode.swift; path = BeerSearchPresenterProtocol.swift; sourceTree = "<group>"; };
		F0ED403A25404474004D4E84 /* BeerSearchInteractor.swift */ = {isa = PBXFileReference; lastKnownFileType = sourcecode.swift; path = BeerSearchInteractor.swift; sourceTree = "<group>"; };
		F0ED403F2540448C004D4E84 /* BeerSearchInteractorProtocol.swift */ = {isa = PBXFileReference; lastKnownFileType = sourcecode.swift; path = BeerSearchInteractorProtocol.swift; sourceTree = "<group>"; };
		F0ED4045254044BC004D4E84 /* BeerSearchDataManager.swift */ = {isa = PBXFileReference; lastKnownFileType = sourcecode.swift; path = BeerSearchDataManager.swift; sourceTree = "<group>"; };
		F0ED404A254044C8004D4E84 /* BeerSearchDataManagerProtocol.swift */ = {isa = PBXFileReference; lastKnownFileType = sourcecode.swift; path = BeerSearchDataManagerProtocol.swift; sourceTree = "<group>"; };
		F0ED405025404B3F004D4E84 /* BeerSearchRequestModel.swift */ = {isa = PBXFileReference; lastKnownFileType = sourcecode.swift; path = BeerSearchRequestModel.swift; sourceTree = "<group>"; };
		F0ED405B2540545C004D4E84 /* BeerSearchViewModel.swift */ = {isa = PBXFileReference; lastKnownFileType = sourcecode.swift; path = BeerSearchViewModel.swift; sourceTree = "<group>"; };
		F0ED406025405AE5004D4E84 /* BeerSearchCell.swift */ = {isa = PBXFileReference; lastKnownFileType = sourcecode.swift; path = BeerSearchCell.swift; sourceTree = "<group>"; };
/* End PBXFileReference section */

/* Begin PBXFrameworksBuildPhase section */
		F0ED3FA925402FCD004D4E84 /* Frameworks */ = {
			isa = PBXFrameworksBuildPhase;
			buildActionMask = 2147483647;
			files = (
			);
			runOnlyForDeploymentPostprocessing = 0;
		};
		F0ED3FBF25402FD0004D4E84 /* Frameworks */ = {
			isa = PBXFrameworksBuildPhase;
			buildActionMask = 2147483647;
			files = (
			);
			runOnlyForDeploymentPostprocessing = 0;
		};
		F0ED3FCA25402FD0004D4E84 /* Frameworks */ = {
			isa = PBXFrameworksBuildPhase;
			buildActionMask = 2147483647;
			files = (
			);
			runOnlyForDeploymentPostprocessing = 0;
		};
/* End PBXFrameworksBuildPhase section */

/* Begin PBXGroup section */
		F0ED3FA325402FCD004D4E84 = {
			isa = PBXGroup;
			children = (
				F0ED3FAE25402FCD004D4E84 /* Prueba tecnica MO2O */,
				F0ED3FC525402FD0004D4E84 /* Prueba tecnica MO2OTests */,
				F0ED3FD025402FD0004D4E84 /* Prueba tecnica MO2OUITests */,
				F0ED3FAD25402FCD004D4E84 /* Products */,
			);
			sourceTree = "<group>";
		};
		F0ED3FAD25402FCD004D4E84 /* Products */ = {
			isa = PBXGroup;
			children = (
				F0ED3FAC25402FCD004D4E84 /* Prueba tecnica MO2O.app */,
				F0ED3FC225402FD0004D4E84 /* Prueba tecnica MO2OTests.xctest */,
				F0ED3FCD25402FD0004D4E84 /* Prueba tecnica MO2OUITests.xctest */,
			);
			name = Products;
			sourceTree = "<group>";
		};
		F0ED3FAE25402FCD004D4E84 /* Prueba tecnica MO2O */ = {
			isa = PBXGroup;
			children = (
				F0ED401F25403C62004D4E84 /* Extensions */,
				F0ED40112540383F004D4E84 /* Entities */,
				F0ED3FE9254032B8004D4E84 /* Common */,
				F0ED3FF925403374004D4E84 /* BeerSearch */,
				F0ED3FAF25402FCE004D4E84 /* AppDelegate.swift */,
				F0ED3FB125402FCE004D4E84 /* SceneDelegate.swift */,
				F0ED3FEF254032EA004D4E84 /* MainCoordinator.swift */,
				F0ED3FB825402FD0004D4E84 /* Assets.xcassets */,
				F0ED3FBA25402FD0004D4E84 /* LaunchScreen.storyboard */,
				F0ED3FBD25402FD0004D4E84 /* Info.plist */,
			);
			path = "Prueba tecnica MO2O";
			sourceTree = "<group>";
		};
		F0ED3FC525402FD0004D4E84 /* Prueba tecnica MO2OTests */ = {
			isa = PBXGroup;
			children = (
				F0ED3FC625402FD0004D4E84 /* Prueba_tecnica_MO2OTests.swift */,
				F0ED3FC825402FD0004D4E84 /* Info.plist */,
			);
			path = "Prueba tecnica MO2OTests";
			sourceTree = "<group>";
		};
		F0ED3FD025402FD0004D4E84 /* Prueba tecnica MO2OUITests */ = {
			isa = PBXGroup;
			children = (
				F0ED3FD125402FD0004D4E84 /* Prueba_tecnica_MO2OUITests.swift */,
				F0ED3FD325402FD0004D4E84 /* Info.plist */,
			);
			path = "Prueba tecnica MO2OUITests";
			sourceTree = "<group>";
		};
		F0ED3FE9254032B8004D4E84 /* Common */ = {
			isa = PBXGroup;
			children = (
				F0ED3FEA254032CA004D4E84 /* Coordinator.swift */,
				F0ED3FF42540336D004D4E84 /* Builder.swift */,
			);
			path = Common;
			sourceTree = "<group>";
		};
		F0ED3FF925403374004D4E84 /* BeerSearch */ = {
			isa = PBXGroup;
			children = (
				F0ED404F25404B31004D4E84 /* Model */,
				F0ED4044254044AD004D4E84 /* DataManager */,
				F0ED40382540445A004D4E84 /* Interactor */,
				F0ED40252540432E004D4E84 /* Presenter */,
				F0ED3FFB25403384004D4E84 /* View */,
				F0ED3FFA2540337D004D4E84 /* Builder */,
			);
			path = BeerSearch;
			sourceTree = "<group>";
		};
		F0ED3FFA2540337D004D4E84 /* Builder */ = {
			isa = PBXGroup;
			children = (
				F0ED3FFC25403396004D4E84 /* BeerSearchBuilder.swift */,
			);
			path = Builder;
			sourceTree = "<group>";
		};
		F0ED3FFB25403384004D4E84 /* View */ = {
			isa = PBXGroup;
			children = (
				F0ED4004254033AE004D4E84 /* BeerSearchViewController.swift */,
				F0ED40262540433F004D4E84 /* BeerSearchViewProtocol.swift */,
				F0ED401A25403B17004D4E84 /* BeerTableViewCell.swift */,
			);
			path = View;
			sourceTree = "<group>";
		};
		F0ED40112540383F004D4E84 /* Entities */ = {
			isa = PBXGroup;
			children = (
				F0ED401225403869004D4E84 /* Beer.swift */,
			);
			path = Entities;
			sourceTree = "<group>";
		};
		F0ED401F25403C62004D4E84 /* Extensions */ = {
			isa = PBXGroup;
			children = (
				F0ED402025403C78004D4E84 /* UIView+fill.swift */,
			);
			path = Extensions;
			sourceTree = "<group>";
		};
		F0ED40252540432E004D4E84 /* Presenter */ = {
			isa = PBXGroup;
			children = (
				F0ED402B25404368004D4E84 /* BeerSearchPresenter.swift */,
				F0ED403025404375004D4E84 /* BeerSearchPresenterProtocol.swift */,
			);
			path = Presenter;
			sourceTree = "<group>";
		};
		F0ED40382540445A004D4E84 /* Interactor */ = {
			isa = PBXGroup;
			children = (
				F0ED403A25404474004D4E84 /* BeerSearchInteractor.swift */,
				F0ED403F2540448C004D4E84 /* BeerSearchInteractorProtocol.swift */,
			);
			path = Interactor;
			sourceTree = "<group>";
		};
		F0ED4044254044AD004D4E84 /* DataManager */ = {
			isa = PBXGroup;
			children = (
				F0ED4045254044BC004D4E84 /* BeerSearchDataManager.swift */,
				F0ED404A254044C8004D4E84 /* BeerSearchDataManagerProtocol.swift */,
			);
			path = DataManager;
			sourceTree = "<group>";
		};
		F0ED404F25404B31004D4E84 /* Model */ = {
			isa = PBXGroup;
			children = (
				F0ED405025404B3F004D4E84 /* BeerSearchRequestModel.swift */,
				F0ED405B2540545C004D4E84 /* BeerSearchViewModel.swift */,
				F0ED406025405AE5004D4E84 /* BeerSearchCell.swift */,
			);
			path = Model;
			sourceTree = "<group>";
		};
/* End PBXGroup section */

/* Begin PBXNativeTarget section */
		F0ED3FAB25402FCD004D4E84 /* Prueba tecnica MO2O */ = {
			isa = PBXNativeTarget;
			buildConfigurationList = F0ED3FD625402FD0004D4E84 /* Build configuration list for PBXNativeTarget "Prueba tecnica MO2O" */;
			buildPhases = (
				F0ED3FA825402FCD004D4E84 /* Sources */,
				F0ED3FA925402FCD004D4E84 /* Frameworks */,
				F0ED3FAA25402FCD004D4E84 /* Resources */,
			);
			buildRules = (
			);
			dependencies = (
			);
			name = "Prueba tecnica MO2O";
			productName = "Prueba tecnica MO2O";
			productReference = F0ED3FAC25402FCD004D4E84 /* Prueba tecnica MO2O.app */;
			productType = "com.apple.product-type.application";
		};
		F0ED3FC125402FD0004D4E84 /* Prueba tecnica MO2OTests */ = {
			isa = PBXNativeTarget;
			buildConfigurationList = F0ED3FD925402FD0004D4E84 /* Build configuration list for PBXNativeTarget "Prueba tecnica MO2OTests" */;
			buildPhases = (
				F0ED3FBE25402FD0004D4E84 /* Sources */,
				F0ED3FBF25402FD0004D4E84 /* Frameworks */,
				F0ED3FC025402FD0004D4E84 /* Resources */,
			);
			buildRules = (
			);
			dependencies = (
				F0ED3FC425402FD0004D4E84 /* PBXTargetDependency */,
			);
			name = "Prueba tecnica MO2OTests";
			productName = "Prueba tecnica MO2OTests";
			productReference = F0ED3FC225402FD0004D4E84 /* Prueba tecnica MO2OTests.xctest */;
			productType = "com.apple.product-type.bundle.unit-test";
		};
		F0ED3FCC25402FD0004D4E84 /* Prueba tecnica MO2OUITests */ = {
			isa = PBXNativeTarget;
			buildConfigurationList = F0ED3FDC25402FD0004D4E84 /* Build configuration list for PBXNativeTarget "Prueba tecnica MO2OUITests" */;
			buildPhases = (
				F0ED3FC925402FD0004D4E84 /* Sources */,
				F0ED3FCA25402FD0004D4E84 /* Frameworks */,
				F0ED3FCB25402FD0004D4E84 /* Resources */,
			);
			buildRules = (
			);
			dependencies = (
				F0ED3FCF25402FD0004D4E84 /* PBXTargetDependency */,
			);
			name = "Prueba tecnica MO2OUITests";
			productName = "Prueba tecnica MO2OUITests";
			productReference = F0ED3FCD25402FD0004D4E84 /* Prueba tecnica MO2OUITests.xctest */;
			productType = "com.apple.product-type.bundle.ui-testing";
		};
/* End PBXNativeTarget section */

/* Begin PBXProject section */
		F0ED3FA425402FCD004D4E84 /* Project object */ = {
			isa = PBXProject;
			attributes = {
				LastSwiftUpdateCheck = 1200;
				LastUpgradeCheck = 1200;
				TargetAttributes = {
					F0ED3FAB25402FCD004D4E84 = {
						CreatedOnToolsVersion = 12.0.1;
					};
					F0ED3FC125402FD0004D4E84 = {
						CreatedOnToolsVersion = 12.0.1;
						TestTargetID = F0ED3FAB25402FCD004D4E84;
					};
					F0ED3FCC25402FD0004D4E84 = {
						CreatedOnToolsVersion = 12.0.1;
						TestTargetID = F0ED3FAB25402FCD004D4E84;
					};
				};
			};
			buildConfigurationList = F0ED3FA725402FCD004D4E84 /* Build configuration list for PBXProject "Prueba tecnica MO2O" */;
			compatibilityVersion = "Xcode 9.3";
			developmentRegion = en;
			hasScannedForEncodings = 0;
			knownRegions = (
				en,
				Base,
			);
			mainGroup = F0ED3FA325402FCD004D4E84;
			productRefGroup = F0ED3FAD25402FCD004D4E84 /* Products */;
			projectDirPath = "";
			projectRoot = "";
			targets = (
				F0ED3FAB25402FCD004D4E84 /* Prueba tecnica MO2O */,
				F0ED3FC125402FD0004D4E84 /* Prueba tecnica MO2OTests */,
				F0ED3FCC25402FD0004D4E84 /* Prueba tecnica MO2OUITests */,
			);
		};
/* End PBXProject section */

/* Begin PBXResourcesBuildPhase section */
		F0ED3FAA25402FCD004D4E84 /* Resources */ = {
			isa = PBXResourcesBuildPhase;
			buildActionMask = 2147483647;
			files = (
				F0ED3FBC25402FD0004D4E84 /* LaunchScreen.storyboard in Resources */,
				F0ED3FB925402FD0004D4E84 /* Assets.xcassets in Resources */,
			);
			runOnlyForDeploymentPostprocessing = 0;
		};
		F0ED3FC025402FD0004D4E84 /* Resources */ = {
			isa = PBXResourcesBuildPhase;
			buildActionMask = 2147483647;
			files = (
			);
			runOnlyForDeploymentPostprocessing = 0;
		};
		F0ED3FCB25402FD0004D4E84 /* Resources */ = {
			isa = PBXResourcesBuildPhase;
			buildActionMask = 2147483647;
			files = (
			);
			runOnlyForDeploymentPostprocessing = 0;
		};
/* End PBXResourcesBuildPhase section */

/* Begin PBXSourcesBuildPhase section */
		F0ED3FA825402FCD004D4E84 /* Sources */ = {
			isa = PBXSourcesBuildPhase;
			buildActionMask = 2147483647;
			files = (
				F0ED3FB025402FCE004D4E84 /* AppDelegate.swift in Sources */,
				F0ED401B25403B17004D4E84 /* BeerTableViewCell.swift in Sources */,
				F0ED404B254044C8004D4E84 /* BeerSearchDataManagerProtocol.swift in Sources */,
				F0ED40402540448C004D4E84 /* BeerSearchInteractorProtocol.swift in Sources */,
				F0ED40272540433F004D4E84 /* BeerSearchViewProtocol.swift in Sources */,
				F0ED403125404375004D4E84 /* BeerSearchPresenterProtocol.swift in Sources */,
				F0ED3FFD25403396004D4E84 /* BeerSearchBuilder.swift in Sources */,
				F0ED3FF0254032EA004D4E84 /* MainCoordinator.swift in Sources */,
				F0ED403B25404474004D4E84 /* BeerSearchInteractor.swift in Sources */,
				F0ED405125404B3F004D4E84 /* BeerSearchRequestModel.swift in Sources */,
				F0ED3FB225402FCE004D4E84 /* SceneDelegate.swift in Sources */,
				F0ED406125405AE5004D4E84 /* BeerSearchCell.swift in Sources */,
				F0ED4005254033AE004D4E84 /* BeerSearchViewController.swift in Sources */,
				F0ED3FEB254032CA004D4E84 /* Coordinator.swift in Sources */,
				F0ED402C25404368004D4E84 /* BeerSearchPresenter.swift in Sources */,
				F0ED402125403C78004D4E84 /* UIView+fill.swift in Sources */,
				F0ED3FF52540336D004D4E84 /* Builder.swift in Sources */,
				F0ED405C2540545C004D4E84 /* BeerSearchViewModel.swift in Sources */,
				F0ED401325403869004D4E84 /* Beer.swift in Sources */,
				F0ED4046254044BC004D4E84 /* BeerSearchDataManager.swift in Sources */,
			);
			runOnlyForDeploymentPostprocessing = 0;
		};
		F0ED3FBE25402FD0004D4E84 /* Sources */ = {
			isa = PBXSourcesBuildPhase;
			buildActionMask = 2147483647;
			files = (
				F0ED3FC725402FD0004D4E84 /* Prueba_tecnica_MO2OTests.swift in Sources */,
			);
			runOnlyForDeploymentPostprocessing = 0;
		};
		F0ED3FC925402FD0004D4E84 /* Sources */ = {
			isa = PBXSourcesBuildPhase;
			buildActionMask = 2147483647;
			files = (
				F0ED3FD225402FD0004D4E84 /* Prueba_tecnica_MO2OUITests.swift in Sources */,
			);
			runOnlyForDeploymentPostprocessing = 0;
		};
/* End PBXSourcesBuildPhase section */

/* Begin PBXTargetDependency section */
		F0ED3FC425402FD0004D4E84 /* PBXTargetDependency */ = {
			isa = PBXTargetDependency;
			target = F0ED3FAB25402FCD004D4E84 /* Prueba tecnica MO2O */;
			targetProxy = F0ED3FC325402FD0004D4E84 /* PBXContainerItemProxy */;
		};
		F0ED3FCF25402FD0004D4E84 /* PBXTargetDependency */ = {
			isa = PBXTargetDependency;
			target = F0ED3FAB25402FCD004D4E84 /* Prueba tecnica MO2O */;
			targetProxy = F0ED3FCE25402FD0004D4E84 /* PBXContainerItemProxy */;
		};
/* End PBXTargetDependency section */

/* Begin PBXVariantGroup section */
		F0ED3FBA25402FD0004D4E84 /* LaunchScreen.storyboard */ = {
			isa = PBXVariantGroup;
			children = (
				F0ED3FBB25402FD0004D4E84 /* Base */,
			);
			name = LaunchScreen.storyboard;
			sourceTree = "<group>";
		};
/* End PBXVariantGroup section */

/* Begin XCBuildConfiguration section */
		F0ED3FD425402FD0004D4E84 /* Debug */ = {
			isa = XCBuildConfiguration;
			buildSettings = {
				ALWAYS_SEARCH_USER_PATHS = NO;
				CLANG_ANALYZER_NONNULL = YES;
				CLANG_ANALYZER_NUMBER_OBJECT_CONVERSION = YES_AGGRESSIVE;
				CLANG_CXX_LANGUAGE_STANDARD = "gnu++14";
				CLANG_CXX_LIBRARY = "libc++";
				CLANG_ENABLE_MODULES = YES;
				CLANG_ENABLE_OBJC_ARC = YES;
				CLANG_ENABLE_OBJC_WEAK = YES;
				CLANG_WARN_BLOCK_CAPTURE_AUTORELEASING = YES;
				CLANG_WARN_BOOL_CONVERSION = YES;
				CLANG_WARN_COMMA = YES;
				CLANG_WARN_CONSTANT_CONVERSION = YES;
				CLANG_WARN_DEPRECATED_OBJC_IMPLEMENTATIONS = YES;
				CLANG_WARN_DIRECT_OBJC_ISA_USAGE = YES_ERROR;
				CLANG_WARN_DOCUMENTATION_COMMENTS = YES;
				CLANG_WARN_EMPTY_BODY = YES;
				CLANG_WARN_ENUM_CONVERSION = YES;
				CLANG_WARN_INFINITE_RECURSION = YES;
				CLANG_WARN_INT_CONVERSION = YES;
				CLANG_WARN_NON_LITERAL_NULL_CONVERSION = YES;
				CLANG_WARN_OBJC_IMPLICIT_RETAIN_SELF = YES;
				CLANG_WARN_OBJC_LITERAL_CONVERSION = YES;
				CLANG_WARN_OBJC_ROOT_CLASS = YES_ERROR;
				CLANG_WARN_QUOTED_INCLUDE_IN_FRAMEWORK_HEADER = YES;
				CLANG_WARN_RANGE_LOOP_ANALYSIS = YES;
				CLANG_WARN_STRICT_PROTOTYPES = YES;
				CLANG_WARN_SUSPICIOUS_MOVE = YES;
				CLANG_WARN_UNGUARDED_AVAILABILITY = YES_AGGRESSIVE;
				CLANG_WARN_UNREACHABLE_CODE = YES;
				CLANG_WARN__DUPLICATE_METHOD_MATCH = YES;
				COPY_PHASE_STRIP = NO;
				DEBUG_INFORMATION_FORMAT = dwarf;
				ENABLE_STRICT_OBJC_MSGSEND = YES;
				ENABLE_TESTABILITY = YES;
				GCC_C_LANGUAGE_STANDARD = gnu11;
				GCC_DYNAMIC_NO_PIC = NO;
				GCC_NO_COMMON_BLOCKS = YES;
				GCC_OPTIMIZATION_LEVEL = 0;
				GCC_PREPROCESSOR_DEFINITIONS = (
					"DEBUG=1",
					"$(inherited)",
				);
				GCC_WARN_64_TO_32_BIT_CONVERSION = YES;
				GCC_WARN_ABOUT_RETURN_TYPE = YES_ERROR;
				GCC_WARN_UNDECLARED_SELECTOR = YES;
				GCC_WARN_UNINITIALIZED_AUTOS = YES_AGGRESSIVE;
				GCC_WARN_UNUSED_FUNCTION = YES;
				GCC_WARN_UNUSED_VARIABLE = YES;
				IPHONEOS_DEPLOYMENT_TARGET = 14.0;
				MTL_ENABLE_DEBUG_INFO = INCLUDE_SOURCE;
				MTL_FAST_MATH = YES;
				ONLY_ACTIVE_ARCH = YES;
				SDKROOT = iphoneos;
				SWIFT_ACTIVE_COMPILATION_CONDITIONS = DEBUG;
				SWIFT_OPTIMIZATION_LEVEL = "-Onone";
			};
			name = Debug;
		};
		F0ED3FD525402FD0004D4E84 /* Release */ = {
			isa = XCBuildConfiguration;
			buildSettings = {
				ALWAYS_SEARCH_USER_PATHS = NO;
				CLANG_ANALYZER_NONNULL = YES;
				CLANG_ANALYZER_NUMBER_OBJECT_CONVERSION = YES_AGGRESSIVE;
				CLANG_CXX_LANGUAGE_STANDARD = "gnu++14";
				CLANG_CXX_LIBRARY = "libc++";
				CLANG_ENABLE_MODULES = YES;
				CLANG_ENABLE_OBJC_ARC = YES;
				CLANG_ENABLE_OBJC_WEAK = YES;
				CLANG_WARN_BLOCK_CAPTURE_AUTORELEASING = YES;
				CLANG_WARN_BOOL_CONVERSION = YES;
				CLANG_WARN_COMMA = YES;
				CLANG_WARN_CONSTANT_CONVERSION = YES;
				CLANG_WARN_DEPRECATED_OBJC_IMPLEMENTATIONS = YES;
				CLANG_WARN_DIRECT_OBJC_ISA_USAGE = YES_ERROR;
				CLANG_WARN_DOCUMENTATION_COMMENTS = YES;
				CLANG_WARN_EMPTY_BODY = YES;
				CLANG_WARN_ENUM_CONVERSION = YES;
				CLANG_WARN_INFINITE_RECURSION = YES;
				CLANG_WARN_INT_CONVERSION = YES;
				CLANG_WARN_NON_LITERAL_NULL_CONVERSION = YES;
				CLANG_WARN_OBJC_IMPLICIT_RETAIN_SELF = YES;
				CLANG_WARN_OBJC_LITERAL_CONVERSION = YES;
				CLANG_WARN_OBJC_ROOT_CLASS = YES_ERROR;
				CLANG_WARN_QUOTED_INCLUDE_IN_FRAMEWORK_HEADER = YES;
				CLANG_WARN_RANGE_LOOP_ANALYSIS = YES;
				CLANG_WARN_STRICT_PROTOTYPES = YES;
				CLANG_WARN_SUSPICIOUS_MOVE = YES;
				CLANG_WARN_UNGUARDED_AVAILABILITY = YES_AGGRESSIVE;
				CLANG_WARN_UNREACHABLE_CODE = YES;
				CLANG_WARN__DUPLICATE_METHOD_MATCH = YES;
				COPY_PHASE_STRIP = NO;
				DEBUG_INFORMATION_FORMAT = "dwarf-with-dsym";
				ENABLE_NS_ASSERTIONS = NO;
				ENABLE_STRICT_OBJC_MSGSEND = YES;
				GCC_C_LANGUAGE_STANDARD = gnu11;
				GCC_NO_COMMON_BLOCKS = YES;
				GCC_WARN_64_TO_32_BIT_CONVERSION = YES;
				GCC_WARN_ABOUT_RETURN_TYPE = YES_ERROR;
				GCC_WARN_UNDECLARED_SELECTOR = YES;
				GCC_WARN_UNINITIALIZED_AUTOS = YES_AGGRESSIVE;
				GCC_WARN_UNUSED_FUNCTION = YES;
				GCC_WARN_UNUSED_VARIABLE = YES;
				IPHONEOS_DEPLOYMENT_TARGET = 14.0;
				MTL_ENABLE_DEBUG_INFO = NO;
				MTL_FAST_MATH = YES;
				SDKROOT = iphoneos;
				SWIFT_COMPILATION_MODE = wholemodule;
				SWIFT_OPTIMIZATION_LEVEL = "-O";
				VALIDATE_PRODUCT = YES;
			};
			name = Release;
		};
		F0ED3FD725402FD0004D4E84 /* Debug */ = {
			isa = XCBuildConfiguration;
			buildSettings = {
				ASSETCATALOG_COMPILER_APPICON_NAME = AppIcon;
				ASSETCATALOG_COMPILER_GLOBAL_ACCENT_COLOR_NAME = AccentColor;
				CODE_SIGN_STYLE = Automatic;
				INFOPLIST_FILE = "Prueba tecnica MO2O/Info.plist";
				LD_RUNPATH_SEARCH_PATHS = (
					"$(inherited)",
					"@executable_path/Frameworks",
				);
				PRODUCT_BUNDLE_IDENTIFIER = "com.Prueba-tecnica-MO2O";
				PRODUCT_NAME = "$(TARGET_NAME)";
				SWIFT_VERSION = 5.0;
				TARGETED_DEVICE_FAMILY = "1,2";
			};
			name = Debug;
		};
		F0ED3FD825402FD0004D4E84 /* Release */ = {
			isa = XCBuildConfiguration;
			buildSettings = {
				ASSETCATALOG_COMPILER_APPICON_NAME = AppIcon;
				ASSETCATALOG_COMPILER_GLOBAL_ACCENT_COLOR_NAME = AccentColor;
				CODE_SIGN_STYLE = Automatic;
				INFOPLIST_FILE = "Prueba tecnica MO2O/Info.plist";
				LD_RUNPATH_SEARCH_PATHS = (
					"$(inherited)",
					"@executable_path/Frameworks",
				);
				PRODUCT_BUNDLE_IDENTIFIER = "com.Prueba-tecnica-MO2O";
				PRODUCT_NAME = "$(TARGET_NAME)";
				SWIFT_VERSION = 5.0;
				TARGETED_DEVICE_FAMILY = "1,2";
			};
			name = Release;
		};
		F0ED3FDA25402FD0004D4E84 /* Debug */ = {
			isa = XCBuildConfiguration;
			buildSettings = {
				ALWAYS_EMBED_SWIFT_STANDARD_LIBRARIES = YES;
				BUNDLE_LOADER = "$(TEST_HOST)";
				CODE_SIGN_STYLE = Automatic;
				INFOPLIST_FILE = "Prueba tecnica MO2OTests/Info.plist";
				IPHONEOS_DEPLOYMENT_TARGET = 14.0;
				LD_RUNPATH_SEARCH_PATHS = (
					"$(inherited)",
					"@executable_path/Frameworks",
					"@loader_path/Frameworks",
				);
				PRODUCT_BUNDLE_IDENTIFIER = "com.Prueba-tecnica-MO2OTests";
				PRODUCT_NAME = "$(TARGET_NAME)";
				SWIFT_VERSION = 5.0;
				TARGETED_DEVICE_FAMILY = "1,2";
				TEST_HOST = "$(BUILT_PRODUCTS_DIR)/Prueba tecnica MO2O.app/Prueba tecnica MO2O";
			};
			name = Debug;
		};
		F0ED3FDB25402FD0004D4E84 /* Release */ = {
			isa = XCBuildConfiguration;
			buildSettings = {
				ALWAYS_EMBED_SWIFT_STANDARD_LIBRARIES = YES;
				BUNDLE_LOADER = "$(TEST_HOST)";
				CODE_SIGN_STYLE = Automatic;
				INFOPLIST_FILE = "Prueba tecnica MO2OTests/Info.plist";
				IPHONEOS_DEPLOYMENT_TARGET = 14.0;
				LD_RUNPATH_SEARCH_PATHS = (
					"$(inherited)",
					"@executable_path/Frameworks",
					"@loader_path/Frameworks",
				);
				PRODUCT_BUNDLE_IDENTIFIER = "com.Prueba-tecnica-MO2OTests";
				PRODUCT_NAME = "$(TARGET_NAME)";
				SWIFT_VERSION = 5.0;
				TARGETED_DEVICE_FAMILY = "1,2";
				TEST_HOST = "$(BUILT_PRODUCTS_DIR)/Prueba tecnica MO2O.app/Prueba tecnica MO2O";
			};
			name = Release;
		};
		F0ED3FDD25402FD0004D4E84 /* Debug */ = {
			isa = XCBuildConfiguration;
			buildSettings = {
				ALWAYS_EMBED_SWIFT_STANDARD_LIBRARIES = YES;
				CODE_SIGN_STYLE = Automatic;
				INFOPLIST_FILE = "Prueba tecnica MO2OUITests/Info.plist";
				LD_RUNPATH_SEARCH_PATHS = (
					"$(inherited)",
					"@executable_path/Frameworks",
					"@loader_path/Frameworks",
				);
				PRODUCT_BUNDLE_IDENTIFIER = "com.Prueba-tecnica-MO2OUITests";
				PRODUCT_NAME = "$(TARGET_NAME)";
				SWIFT_VERSION = 5.0;
				TARGETED_DEVICE_FAMILY = "1,2";
				TEST_TARGET_NAME = "Prueba tecnica MO2O";
			};
			name = Debug;
		};
		F0ED3FDE25402FD0004D4E84 /* Release */ = {
			isa = XCBuildConfiguration;
			buildSettings = {
				ALWAYS_EMBED_SWIFT_STANDARD_LIBRARIES = YES;
				CODE_SIGN_STYLE = Automatic;
				INFOPLIST_FILE = "Prueba tecnica MO2OUITests/Info.plist";
				LD_RUNPATH_SEARCH_PATHS = (
					"$(inherited)",
					"@executable_path/Frameworks",
					"@loader_path/Frameworks",
				);
				PRODUCT_BUNDLE_IDENTIFIER = "com.Prueba-tecnica-MO2OUITests";
				PRODUCT_NAME = "$(TARGET_NAME)";
				SWIFT_VERSION = 5.0;
				TARGETED_DEVICE_FAMILY = "1,2";
				TEST_TARGET_NAME = "Prueba tecnica MO2O";
			};
			name = Release;
		};
/* End XCBuildConfiguration section */

/* Begin XCConfigurationList section */
		F0ED3FA725402FCD004D4E84 /* Build configuration list for PBXProject "Prueba tecnica MO2O" */ = {
			isa = XCConfigurationList;
			buildConfigurations = (
				F0ED3FD425402FD0004D4E84 /* Debug */,
				F0ED3FD525402FD0004D4E84 /* Release */,
			);
			defaultConfigurationIsVisible = 0;
			defaultConfigurationName = Release;
		};
		F0ED3FD625402FD0004D4E84 /* Build configuration list for PBXNativeTarget "Prueba tecnica MO2O" */ = {
			isa = XCConfigurationList;
			buildConfigurations = (
				F0ED3FD725402FD0004D4E84 /* Debug */,
				F0ED3FD825402FD0004D4E84 /* Release */,
			);
			defaultConfigurationIsVisible = 0;
			defaultConfigurationName = Release;
		};
		F0ED3FD925402FD0004D4E84 /* Build configuration list for PBXNativeTarget "Prueba tecnica MO2OTests" */ = {
			isa = XCConfigurationList;
			buildConfigurations = (
				F0ED3FDA25402FD0004D4E84 /* Debug */,
				F0ED3FDB25402FD0004D4E84 /* Release */,
			);
			defaultConfigurationIsVisible = 0;
			defaultConfigurationName = Release;
		};
		F0ED3FDC25402FD0004D4E84 /* Build configuration list for PBXNativeTarget "Prueba tecnica MO2OUITests" */ = {
			isa = XCConfigurationList;
			buildConfigurations = (
				F0ED3FDD25402FD0004D4E84 /* Debug */,
				F0ED3FDE25402FD0004D4E84 /* Release */,
			);
			defaultConfigurationIsVisible = 0;
			defaultConfigurationName = Release;
		};
/* End XCConfigurationList section */
	};
	rootObject = F0ED3FA425402FCD004D4E84 /* Project object */;
}
